
Microsoft Visual Studio Solution File, Format Version 12.00
# Visual Studio Version 17
VisualStudioVersion = 17.0.32014.148
MinimumVisualStudioVersion = 10.0.40219.1
Project("{FAE04EC0-301F-11D3-BF4B-00C04F79EFBC}") = "Cashier.App", "Cashier.App\Cashier.App.csproj", "{16EFFEE2-96AA-4638-948B-0D82C60170FE}"
EndProject
Project("{FAE04EC0-301F-11D3-BF4B-00C04F79EFBC}") = "Cashier.Data", "Cashier.Data\Cashier.Data.csproj", "{5C146B5E-1061-45E5-8D4E-7AAA8D159CC3}"
EndProject
Project("{FAE04EC0-301F-11D3-BF4B-00C04F79EFBC}") = "Cashier.ViewModels", "Cashier.ViewModels\Cashier.ViewModels.csproj", "{71DB1F89-3634-45C4-8025-4244AC242617}"
EndProject
Project("{FAE04EC0-301F-11D3-BF4B-00C04F79EFBC}") = "Cashier.Accounting", "Cashier.Accounting\Cashier.Accounting.csproj", "{D7609494-6D0B-4651-86D7-48D9D6AE427B}"
EndProject
Project("{FAE04EC0-301F-11D3-BF4B-00C04F79EFBC}") = "Cashier.Calculate", "Cashier.Calculate\Cashier.Calculate.csproj", "{C70BE294-B3C2-4E12-A3CA-B2368D5E54FC}"
EndProject
Global
	GlobalSection(SolutionConfigurationPlatforms) = preSolution
		Debug|Any CPU = Debug|Any CPU
		Release|Any CPU = Release|Any CPU
	EndGlobalSection
	GlobalSection(ProjectConfigurationPlatforms) = postSolution
		{16EFFEE2-96AA-4638-948B-0D82C60170FE}.Debug|Any CPU.ActiveCfg = Debug|Any CPU
		{16EFFEE2-96AA-4638-948B-0D82C60170FE}.Debug|Any CPU.Build.0 = Debug|Any CPU
		{16EFFEE2-96AA-4638-948B-0D82C60170FE}.Release|Any CPU.ActiveCfg = Release|Any CPU
		{16EFFEE2-96AA-4638-948B-0D82C60170FE}.Release|Any CPU.Build.0 = Release|Any CPU
		{5C146B5E-1061-45E5-8D4E-7AAA8D159CC3}.Debug|Any CPU.ActiveCfg = Debug|Any CPU
		{5C146B5E-1061-45E5-8D4E-7AAA8D159CC3}.Debug|Any CPU.Build.0 = Debug|Any CPU
		{5C146B5E-1061-45E5-8D4E-7AAA8D159CC3}.Release|Any CPU.ActiveCfg = Release|Any CPU
		{5C146B5E-1061-45E5-8D4E-7AAA8D159CC3}.Release|Any CPU.Build.0 = Release|Any CPU
		{71DB1F89-3634-45C4-8025-4244AC242617}.Debug|Any CPU.ActiveCfg = Debug|Any CPU
		{71DB1F89-3634-45C4-8025-4244AC242617}.Debug|Any CPU.Build.0 = Debug|Any CPU
		{71DB1F89-3634-45C4-8025-4244AC242617}.Release|Any CPU.ActiveCfg = Release|Any CPU
		{71DB1F89-3634-45C4-8025-4244AC242617}.Release|Any CPU.Build.0 = Release|Any CPU
		{D7609494-6D0B-4651-86D7-48D9D6AE427B}.Debug|Any CPU.ActiveCfg = Debug|Any CPU
		{D7609494-6D0B-4651-86D7-48D9D6AE427B}.Debug|Any CPU.Build.0 = Debug|Any CPU
		{D7609494-6D0B-4651-86D7-48D9D6AE427B}.Release|Any CPU.ActiveCfg = Release|Any CPU
		{D7609494-6D0B-4651-86D7-48D9D6AE427B}.Release|Any CPU.Build.0 = Release|Any CPU
		{C70BE294-B3C2-4E12-A3CA-B2368D5E54FC}.Debug|Any CPU.ActiveCfg = Debug|Any CPU
		{C70BE294-B3C2-4E12-A3CA-B2368D5E54FC}.Debug|Any CPU.Build.0 = Debug|Any CPU
		{C70BE294-B3C2-4E12-A3CA-B2368D5E54FC}.Release|Any CPU.ActiveCfg = Release|Any CPU
		{C70BE294-B3C2-4E12-A3CA-B2368D5E54FC}.Release|Any CPU.Build.0 = Release|Any CPU
	EndGlobalSection
	GlobalSection(SolutionProperties) = preSolution
		HideSolutionNode = FALSE
	EndGlobalSection
	GlobalSection(ExtensibilityGlobals) = postSolution
		SolutionGuid = {6FEF72E9-20A6-4BA0-87FE-30068D5BF8DE}
	EndGlobalSection
EndGlobal
